<?xml version="1.0" encoding="utf-8"?>
<Project ToolsVersion="4.0" xmlns="http://schemas.microsoft.com/developer/msbuild/2003">
  <ItemGroup>
    <Filter Include="Source Files">
      <UniqueIdentifier>{4FC737F1-C7A5-4376-A066-2A32D752A2FF}</UniqueIdentifier>
      <Extensions>cpp;c;cc;cxx;def;odl;idl;hpj;bat;asm;asmx</Extensions>
    </Filter>
    <Filter Include="Header Files">
      <UniqueIdentifier>{93995380-89BD-4b04-88EB-625FBE52EBFB}</UniqueIdentifier>
      <Extensions>h;hh;hpp;hxx;hm;inl;inc;xsd</Extensions>
    </Filter>
    <Filter Include="Shaders">
      <UniqueIdentifier>{5f822ed9-6a05-4861-938a-9866efd6acf0}</UniqueIdentifier>
    </Filter>
  </ItemGroup>
  <ItemGroup>
    <ClCompile Include="glmath.cpp">
      <Filter>Source Files</Filter>
    </ClCompile>
    <ClCompile Include="string.cpp">
      <Filter>Source Files</Filter>
    </ClCompile>
    <ClCompile Include="es_buffer.cpp">
      <Filter>Source Files</Filter>
    </ClCompile>
    <ClCompile Include="es_texture.cpp">
      <Filter>Source Files</Filter>
    </ClCompile>
    <ClCompile Include="es_camera.cpp">
      <Filter>Source Files</Filter>
    </ClCompile>
    <ClCompile Include="es_renderer.cpp">
      <Filter>Source Files</Filter>
    </ClCompile>
    <ClCompile Include="es_view.cpp">
      <Filter>Source Files</Filter>
    </ClCompile>
    <ClCompile Include="es_globals.cpp">
      <Filter>Source Files</Filter>
    </ClCompile>
    <ClCompile Include="es_scene.cpp">
      <Filter>Source Files</Filter>
    </ClCompile>
    <ClCompile Include="es_scene_norad.cpp">
      <Filter>Source Files</Filter>
    </ClCompile>
  </ItemGroup>
  <ItemGroup>
    <ClInclude Include="glmath.h">
      <Filter>Header Files</Filter>
    </ClInclude>
    <ClInclude Include="string.h">
      <Filter>Header Files</Filter>
    </ClInclude>
    <ClInclude Include="es_defines.h">
      <Filter>Header Files</Filter>
    </ClInclude>
    <ClInclude Include="es_buffer.h">
      <Filter>Header Files</Filter>
    </ClInclude>
    <ClInclude Include="es_texture.h">
      <Filter>Header Files</Filter>
    </ClInclude>
    <ClInclude Include="es_camera.h">
      <Filter>Header Files</Filter>
    </ClInclude>
    <ClInclude Include="es_renderer.h">
      <Filter>Header Files</Filter>
    </ClInclude>
    <ClInclude Include="es_view.h">
      <Filter>Header Files</Filter>
    </ClInclude>
    <ClInclude Include="es_globals.h">
      <Filter>Header Files</Filter>
    </ClInclude>
    <ClInclude Include="es_scene.h">
      <Filter>Header Files</Filter>
    </ClInclude>
    <ClInclude Include="es_scene_norad.h">
      <Filter>Header Files</Filter>
    </ClInclude>
  </ItemGroup>
  <ItemGroup>
    <None Include="..\..\data\render\skyfromspace.vs">
      <Filter>Shaders</Filter>
    </None>
    <None Include="..\..\data\render\groundfromatmosphere.fs">
      <Filter>Shaders</Filter>
    </None>
    <None Include="..\..\data\render\groundfromatmosphere.vs">
      <Filter>Shaders</Filter>
    </None>
    <None Include="..\..\data\render\groundfromspace.fs">
      <Filter>Shaders</Filter>
    </None>
    <None Include="..\..\data\render\groundfromspace.vs">
      <Filter>Shaders</Filter>
    </None>
    <None Include="..\..\data\render\skyfromatmosphere.fs">
      <Filter>Shaders</Filter>
    </None>
    <None Include="..\..\data\render\skyfromatmosphere.vs">
      <Filter>Shaders</Filter>
    </None>
    <None Include="..\..\data\render\skyfromspace.fs">
      <Filter>Shaders</Filter>
    </None>
  </ItemGroup>
</Project>