
Microsoft Visual Studio Solution File, Format Version 12.00
# Visual Studio 14
VisualStudioVersion = 14.0.25420.1
MinimumVisualStudioVersion = 10.0.40219.1
Project("{8BC9CEB8-8B4A-11D0-8D11-00A0C91BC942}") = "InfluenceForce", "src\InfluenceForce\InfluenceForce_vs2015.vcxproj", "{EE3E3846-4028-4038-B46D-56FB5942725A}"
EndProject
Project("{8BC9CEB8-8B4A-11D0-8D11-00A0C91BC942}") = "OrbitIntegration", "src\OrbitIntegration\OrbitIntegration_vs2015.vcxproj", "{112C2006-B8E8-4C89-90E3-C84ACF7076C1}"
EndProject
Project("{8BC9CEB8-8B4A-11D0-8D11-00A0C91BC942}") = "common", "src\common\common_vs2015.vcxproj", "{A9C29E2A-AA23-4102-8C71-DDC80DE023D1}"
EndProject
Project("{8BC9CEB8-8B4A-11D0-8D11-00A0C91BC942}") = "testOrbitIntegration", "src\tests\testOrbitIntegration\testOrbitIntegration_vs2015.vcxproj", "{6E5D9B12-F6C1-4C90-85C2-C536DDF0239D}"
	ProjectSection(ProjectDependencies) = postProject
		{A9C29E2A-AA23-4102-8C71-DDC80DE023D1} = {A9C29E2A-AA23-4102-8C71-DDC80DE023D1}
	EndProjectSection
EndProject
Project("{2150E333-8FDC-42A3-9474-1A3956D46DE8}") = "libs", "libs", "{9DC00215-9F6A-47E4-B586-7DEC94D3C60F}"
EndProject
Project("{2150E333-8FDC-42A3-9474-1A3956D46DE8}") = "tests", "tests", "{28B8D2DA-97C8-4C06-9CDC-248AE94FE21B}"
EndProject
Project("{8BC9CEB8-8B4A-11D0-8D11-00A0C91BC942}") = "norad", "src\Norad\norad_vs2015.vcxproj", "{7F97984D-4C19-4F36-BD9A-7C9D0C17FF11}"
EndProject
Project("{8BC9CEB8-8B4A-11D0-8D11-00A0C91BC942}") = "Novac", "src\Novac\Novac_vs2015.vcxproj", "{07B58FC0-F6D9-441F-8A0C-BED17C32032E}"
EndProject
Project("{8BC9CEB8-8B4A-11D0-8D11-00A0C91BC942}") = "Sofa", "src\Sofa\Sofa_vs2015.vcxproj", "{EF041E0E-0097-4599-81A3-6604D22F9F19}"
EndProject
Project("{2150E333-8FDC-42A3-9474-1A3956D46DE8}") = "develop", "develop", "{19829169-D567-44C3-8A78-8234D1CEB65D}"
EndProject
Project("{8BC9CEB8-8B4A-11D0-8D11-00A0C91BC942}") = "ILRScrd", "src\ILRScrd\ILRScrd_vs2015.vcxproj", "{D7A3BF0A-0DE7-4DA1-83A2-30B8DFF71AED}"
EndProject
Project("{8BC9CEB8-8B4A-11D0-8D11-00A0C91BC942}") = "testSofa", "src\tests\testSofa\testSofa_vs2015.vcxproj", "{E4DE0C36-33EE-47E8-B70C-821818FF493C}"
EndProject
Project("{8BC9CEB8-8B4A-11D0-8D11-00A0C91BC942}") = "testNovac", "src\tests\testNovac\testNovac_vs2015.vcxproj", "{FAAB9C07-2DD7-4A1D-8543-B39E9073BE06}"
EndProject
Project("{8BC9CEB8-8B4A-11D0-8D11-00A0C91BC942}") = "testILRScrd", "src\tests\testILRScrd\testILRScrd_vs2015.vcxproj", "{27881233-438B-42F1-8B29-FD1B080BD36C}"
EndProject
Global
	GlobalSection(SolutionConfigurationPlatforms) = preSolution
		Debug|x64 = Debug|x64
		Debug|x86 = Debug|x86
		Release|x64 = Release|x64
		Release|x86 = Release|x86
	EndGlobalSection
	GlobalSection(ProjectConfigurationPlatforms) = postSolution
		{EE3E3846-4028-4038-B46D-56FB5942725A}.Debug|x64.ActiveCfg = Debug|x64
		{EE3E3846-4028-4038-B46D-56FB5942725A}.Debug|x64.Build.0 = Debug|x64
		{EE3E3846-4028-4038-B46D-56FB5942725A}.Debug|x86.ActiveCfg = Debug|Win32
		{EE3E3846-4028-4038-B46D-56FB5942725A}.Debug|x86.Build.0 = Debug|Win32
		{EE3E3846-4028-4038-B46D-56FB5942725A}.Release|x64.ActiveCfg = Release|x64
		{EE3E3846-4028-4038-B46D-56FB5942725A}.Release|x64.Build.0 = Release|x64
		{EE3E3846-4028-4038-B46D-56FB5942725A}.Release|x86.ActiveCfg = Release|Win32
		{EE3E3846-4028-4038-B46D-56FB5942725A}.Release|x86.Build.0 = Release|Win32
		{112C2006-B8E8-4C89-90E3-C84ACF7076C1}.Debug|x64.ActiveCfg = Debug|x64
		{112C2006-B8E8-4C89-90E3-C84ACF7076C1}.Debug|x64.Build.0 = Debug|x64
		{112C2006-B8E8-4C89-90E3-C84ACF7076C1}.Debug|x86.ActiveCfg = Debug|Win32
		{112C2006-B8E8-4C89-90E3-C84ACF7076C1}.Debug|x86.Build.0 = Debug|Win32
		{112C2006-B8E8-4C89-90E3-C84ACF7076C1}.Release|x64.ActiveCfg = Release|x64
		{112C2006-B8E8-4C89-90E3-C84ACF7076C1}.Release|x64.Build.0 = Release|x64
		{112C2006-B8E8-4C89-90E3-C84ACF7076C1}.Release|x86.ActiveCfg = Release|Win32
		{112C2006-B8E8-4C89-90E3-C84ACF7076C1}.Release|x86.Build.0 = Release|Win32
		{A9C29E2A-AA23-4102-8C71-DDC80DE023D1}.Debug|x64.ActiveCfg = Debug|x64
		{A9C29E2A-AA23-4102-8C71-DDC80DE023D1}.Debug|x64.Build.0 = Debug|x64
		{A9C29E2A-AA23-4102-8C71-DDC80DE023D1}.Debug|x86.ActiveCfg = Debug|Win32
		{A9C29E2A-AA23-4102-8C71-DDC80DE023D1}.Debug|x86.Build.0 = Debug|Win32
		{A9C29E2A-AA23-4102-8C71-DDC80DE023D1}.Release|x64.ActiveCfg = Release|x64
		{A9C29E2A-AA23-4102-8C71-DDC80DE023D1}.Release|x64.Build.0 = Release|x64
		{A9C29E2A-AA23-4102-8C71-DDC80DE023D1}.Release|x86.ActiveCfg = Release|Win32
		{A9C29E2A-AA23-4102-8C71-DDC80DE023D1}.Release|x86.Build.0 = Release|Win32
		{6E5D9B12-F6C1-4C90-85C2-C536DDF0239D}.Debug|x64.ActiveCfg = Debug|x64
		{6E5D9B12-F6C1-4C90-85C2-C536DDF0239D}.Debug|x64.Build.0 = Debug|x64
		{6E5D9B12-F6C1-4C90-85C2-C536DDF0239D}.Debug|x86.ActiveCfg = Debug|Win32
		{6E5D9B12-F6C1-4C90-85C2-C536DDF0239D}.Debug|x86.Build.0 = Debug|Win32
		{6E5D9B12-F6C1-4C90-85C2-C536DDF0239D}.Release|x64.ActiveCfg = Release|x64
		{6E5D9B12-F6C1-4C90-85C2-C536DDF0239D}.Release|x64.Build.0 = Release|x64
		{6E5D9B12-F6C1-4C90-85C2-C536DDF0239D}.Release|x86.ActiveCfg = Release|Win32
		{6E5D9B12-F6C1-4C90-85C2-C536DDF0239D}.Release|x86.Build.0 = Release|Win32
		{7F97984D-4C19-4F36-BD9A-7C9D0C17FF11}.Debug|x64.ActiveCfg = Debug|x64
		{7F97984D-4C19-4F36-BD9A-7C9D0C17FF11}.Debug|x64.Build.0 = Debug|x64
		{7F97984D-4C19-4F36-BD9A-7C9D0C17FF11}.Debug|x86.ActiveCfg = Debug|Win32
		{7F97984D-4C19-4F36-BD9A-7C9D0C17FF11}.Debug|x86.Build.0 = Debug|Win32
		{7F97984D-4C19-4F36-BD9A-7C9D0C17FF11}.Release|x64.ActiveCfg = Release|x64
		{7F97984D-4C19-4F36-BD9A-7C9D0C17FF11}.Release|x64.Build.0 = Release|x64
		{7F97984D-4C19-4F36-BD9A-7C9D0C17FF11}.Release|x86.ActiveCfg = Release|Win32
		{7F97984D-4C19-4F36-BD9A-7C9D0C17FF11}.Release|x86.Build.0 = Release|Win32
		{07B58FC0-F6D9-441F-8A0C-BED17C32032E}.Debug|x64.ActiveCfg = Debug|x64
		{07B58FC0-F6D9-441F-8A0C-BED17C32032E}.Debug|x64.Build.0 = Debug|x64
		{07B58FC0-F6D9-441F-8A0C-BED17C32032E}.Debug|x86.ActiveCfg = Debug|Win32
		{07B58FC0-F6D9-441F-8A0C-BED17C32032E}.Debug|x86.Build.0 = Debug|Win32
		{07B58FC0-F6D9-441F-8A0C-BED17C32032E}.Release|x64.ActiveCfg = Release|x64
		{07B58FC0-F6D9-441F-8A0C-BED17C32032E}.Release|x64.Build.0 = Release|x64
		{07B58FC0-F6D9-441F-8A0C-BED17C32032E}.Release|x86.ActiveCfg = Release|Win32
		{07B58FC0-F6D9-441F-8A0C-BED17C32032E}.Release|x86.Build.0 = Release|Win32
		{EF041E0E-0097-4599-81A3-6604D22F9F19}.Debug|x64.ActiveCfg = Debug|x64
		{EF041E0E-0097-4599-81A3-6604D22F9F19}.Debug|x64.Build.0 = Debug|x64
		{EF041E0E-0097-4599-81A3-6604D22F9F19}.Debug|x86.ActiveCfg = Debug|Win32
		{EF041E0E-0097-4599-81A3-6604D22F9F19}.Debug|x86.Build.0 = Debug|Win32
		{EF041E0E-0097-4599-81A3-6604D22F9F19}.Release|x64.ActiveCfg = Release|x64
		{EF041E0E-0097-4599-81A3-6604D22F9F19}.Release|x64.Build.0 = Release|x64
		{EF041E0E-0097-4599-81A3-6604D22F9F19}.Release|x86.ActiveCfg = Release|Win32
		{EF041E0E-0097-4599-81A3-6604D22F9F19}.Release|x86.Build.0 = Release|Win32
		{D7A3BF0A-0DE7-4DA1-83A2-30B8DFF71AED}.Debug|x64.ActiveCfg = Debug|x64
		{D7A3BF0A-0DE7-4DA1-83A2-30B8DFF71AED}.Debug|x64.Build.0 = Debug|x64
		{D7A3BF0A-0DE7-4DA1-83A2-30B8DFF71AED}.Debug|x86.ActiveCfg = Debug|Win32
		{D7A3BF0A-0DE7-4DA1-83A2-30B8DFF71AED}.Debug|x86.Build.0 = Debug|Win32
		{D7A3BF0A-0DE7-4DA1-83A2-30B8DFF71AED}.Release|x64.ActiveCfg = Release|x64
		{D7A3BF0A-0DE7-4DA1-83A2-30B8DFF71AED}.Release|x64.Build.0 = Release|x64
		{D7A3BF0A-0DE7-4DA1-83A2-30B8DFF71AED}.Release|x86.ActiveCfg = Release|Win32
		{D7A3BF0A-0DE7-4DA1-83A2-30B8DFF71AED}.Release|x86.Build.0 = Release|Win32
		{E4DE0C36-33EE-47E8-B70C-821818FF493C}.Debug|x64.ActiveCfg = Debug|x64
		{E4DE0C36-33EE-47E8-B70C-821818FF493C}.Debug|x64.Build.0 = Debug|x64
		{E4DE0C36-33EE-47E8-B70C-821818FF493C}.Debug|x86.ActiveCfg = Debug|Win32
		{E4DE0C36-33EE-47E8-B70C-821818FF493C}.Debug|x86.Build.0 = Debug|Win32
		{E4DE0C36-33EE-47E8-B70C-821818FF493C}.Release|x64.ActiveCfg = Release|x64
		{E4DE0C36-33EE-47E8-B70C-821818FF493C}.Release|x64.Build.0 = Release|x64
		{E4DE0C36-33EE-47E8-B70C-821818FF493C}.Release|x86.ActiveCfg = Release|Win32
		{E4DE0C36-33EE-47E8-B70C-821818FF493C}.Release|x86.Build.0 = Release|Win32
		{FAAB9C07-2DD7-4A1D-8543-B39E9073BE06}.Debug|x64.ActiveCfg = Debug|x64
		{FAAB9C07-2DD7-4A1D-8543-B39E9073BE06}.Debug|x64.Build.0 = Debug|x64
		{FAAB9C07-2DD7-4A1D-8543-B39E9073BE06}.Debug|x86.ActiveCfg = Debug|Win32
		{FAAB9C07-2DD7-4A1D-8543-B39E9073BE06}.Debug|x86.Build.0 = Debug|Win32
		{FAAB9C07-2DD7-4A1D-8543-B39E9073BE06}.Release|x64.ActiveCfg = Release|x64
		{FAAB9C07-2DD7-4A1D-8543-B39E9073BE06}.Release|x64.Build.0 = Release|x64
		{FAAB9C07-2DD7-4A1D-8543-B39E9073BE06}.Release|x86.ActiveCfg = Release|Win32
		{FAAB9C07-2DD7-4A1D-8543-B39E9073BE06}.Release|x86.Build.0 = Release|Win32
		{27881233-438B-42F1-8B29-FD1B080BD36C}.Debug|x64.ActiveCfg = Debug|x64
		{27881233-438B-42F1-8B29-FD1B080BD36C}.Debug|x64.Build.0 = Debug|x64
		{27881233-438B-42F1-8B29-FD1B080BD36C}.Debug|x86.ActiveCfg = Debug|Win32
		{27881233-438B-42F1-8B29-FD1B080BD36C}.Debug|x86.Build.0 = Debug|Win32
		{27881233-438B-42F1-8B29-FD1B080BD36C}.Release|x64.ActiveCfg = Release|x64
		{27881233-438B-42F1-8B29-FD1B080BD36C}.Release|x64.Build.0 = Release|x64
		{27881233-438B-42F1-8B29-FD1B080BD36C}.Release|x86.ActiveCfg = Release|Win32
		{27881233-438B-42F1-8B29-FD1B080BD36C}.Release|x86.Build.0 = Release|Win32
	EndGlobalSection
	GlobalSection(SolutionProperties) = preSolution
		HideSolutionNode = FALSE
	EndGlobalSection
	GlobalSection(NestedProjects) = preSolution
		{EE3E3846-4028-4038-B46D-56FB5942725A} = {9DC00215-9F6A-47E4-B586-7DEC94D3C60F}
		{112C2006-B8E8-4C89-90E3-C84ACF7076C1} = {9DC00215-9F6A-47E4-B586-7DEC94D3C60F}
		{A9C29E2A-AA23-4102-8C71-DDC80DE023D1} = {9DC00215-9F6A-47E4-B586-7DEC94D3C60F}
		{6E5D9B12-F6C1-4C90-85C2-C536DDF0239D} = {28B8D2DA-97C8-4C06-9CDC-248AE94FE21B}
		{7F97984D-4C19-4F36-BD9A-7C9D0C17FF11} = {9DC00215-9F6A-47E4-B586-7DEC94D3C60F}
		{07B58FC0-F6D9-441F-8A0C-BED17C32032E} = {9DC00215-9F6A-47E4-B586-7DEC94D3C60F}
		{EF041E0E-0097-4599-81A3-6604D22F9F19} = {9DC00215-9F6A-47E4-B586-7DEC94D3C60F}
		{D7A3BF0A-0DE7-4DA1-83A2-30B8DFF71AED} = {19829169-D567-44C3-8A78-8234D1CEB65D}
		{E4DE0C36-33EE-47E8-B70C-821818FF493C} = {28B8D2DA-97C8-4C06-9CDC-248AE94FE21B}
		{FAAB9C07-2DD7-4A1D-8543-B39E9073BE06} = {28B8D2DA-97C8-4C06-9CDC-248AE94FE21B}
		{27881233-438B-42F1-8B29-FD1B080BD36C} = {28B8D2DA-97C8-4C06-9CDC-248AE94FE21B}
	EndGlobalSection
EndGlobal
