<?xml version="1.0" encoding="utf-8"?>
<Project ToolsVersion="4.0" xmlns="http://schemas.microsoft.com/developer/msbuild/2003">
  <ItemGroup>
    <Filter Include="Source Files">
      <UniqueIdentifier>{4FC737F1-C7A5-4376-A066-2A32D752A2FF}</UniqueIdentifier>
      <Extensions>cpp;c;cc;cxx;def;odl;idl;hpj;bat;asm;asmx</Extensions>
    </Filter>
    <Filter Include="Header Files">
      <UniqueIdentifier>{93995380-89BD-4b04-88EB-625FBE52EBFB}</UniqueIdentifier>
      <Extensions>h;hh;hpp;hxx;hm;inl;inc;xsd</Extensions>
    </Filter>
  </ItemGroup>
  <ItemGroup>
    <ClInclude Include="DefineParam.h">
      <Filter>Header Files</Filter>
    </ClInclude>
    <ClInclude Include="PredictOrbitSat.h">
      <Filter>Header Files</Filter>
    </ClInclude>
    <ClInclude Include="PredictOrbitType.h">
      <Filter>Header Files</Filter>
    </ClInclude>
    <ClInclude Include="PredictOrbitMod.h">
      <Filter>Header Files</Filter>
    </ClInclude>
    <ClInclude Include="IPredictOrbitMod.h">
      <Filter>Header Files</Filter>
    </ClInclude>
    <ClInclude Include="PredictOrbitModType.h">
      <Filter>Header Files</Filter>
    </ClInclude>
  </ItemGroup>
  <ItemGroup>
    <ClCompile Include="PredictOrbitMod.cpp">
      <Filter>Source Files</Filter>
    </ClCompile>
    <ClCompile Include="PredictListCPU_md.cpp">
      <Filter>Source Files</Filter>
    </ClCompile>
    <ClCompile Include="SatCloseApproach.cpp">
      <Filter>Source Files</Filter>
    </ClCompile>
    <ClCompile Include="PredictOrbitIntegrator.cpp">
      <Filter>Source Files</Filter>
    </ClCompile>
    <ClCompile Include="PredictOrbitSat.cpp">
      <Filter>Source Files</Filter>
    </ClCompile>
    <ClCompile Include="PredictOrbitModTest.cpp">
      <Filter>Source Files</Filter>
    </ClCompile>
    <ClCompile Include="PredictListSetupAndCheck.cpp">
      <Filter>Source Files</Filter>
    </ClCompile>
    <ClCompile Include="PredictOrbitConst.cpp">
      <Filter>Source Files</Filter>
    </ClCompile>
  </ItemGroup>
</Project>